PODS:
  - AFNetworking (2.5.4):
    - AFNetworking/NSURLConnection (= 2.5.4)
    - AFNetworking/NSURLSession (= 2.5.4)
    - AFNetworking/Reachability (= 2.5.4)
    - AFNetworking/Security (= 2.5.4)
    - AFNetworking/Serialization (= 2.5.4)
    - AFNetworking/UIKit (= 2.5.4)
  - AFNetworking/NSURLConnection (2.5.4):
    - AFNetworking/Reachability
    - AFNetworking/Security
    - AFNetworking/Serialization
  - AFNetworking/NSURLSession (2.5.4):
    - AFNetworking/Reachability
    - AFNetworking/Security
    - AFNetworking/Serialization
  - AFNetworking/Reachability (2.5.4)
  - AFNetworking/Security (2.5.4)
  - AFNetworking/Serialization (2.5.4)
  - AFNetworking/UIKit (2.5.4):
    - AFNetworking/NSURLConnection
    - AFNetworking/NSURLSession
  - BlocksKit (2.2.5):
    - BlocksKit/All (= 2.2.5)
  - BlocksKit/All (2.2.5):
    - BlocksKit/Core
    - BlocksKit/DynamicDelegate
    - BlocksKit/MessageUI
    - BlocksKit/UIKit
  - BlocksKit/Core (2.2.5)
  - BlocksKit/DynamicDelegate (2.2.5)
  - BlocksKit/MessageUI (2.2.5):
    - BlocksKit/Core
    - BlocksKit/DynamicDelegate
  - BlocksKit/UIKit (2.2.5):
    - BlocksKit/Core
    - BlocksKit/DynamicDelegate
  - CHCSVParser (2.1.0)
  - CocoaLumberjack (1.9.2):
    - CocoaLumberjack/Extensions (= 1.9.2)
  - CocoaLumberjack/Core (1.9.2)
  - CocoaLumberjack/Extensions (1.9.2):
    - CocoaLumberjack/Core
  - FMDB (2.5):
    - FMDB/standard (= 2.5)
  - FMDB/common (2.5)
  - FMDB/standard (2.5):
    - FMDB/common
  - KissXML (5.0)
  - Kiwi (2.3.1)
  - OHHTTPStubs (3.1.12):
    - OHHTTPStubs/Core (= 3.1.12)
  - OHHTTPStubs/Core (3.1.12)
  - PEFuelPurchase-Common (1.0.12)
  - PEHateoas-Client (1.0.8):
    - AFNetworking (~> 2.5.4)
    - CocoaLumberjack (~> 1.9)
    - PEObjc-Commons (~> 1.0.73)
  - PEObjc-Commons (1.0.84):
    - BlocksKit (~> 2.2.5)
  - PEWire-Control (1.0.4):
    - KissXML (~> 5.0)
    - OHHTTPStubs (~> 3.1.10)
    - PEObjc-Commons (~> 1.0.73)
    - PEXML-Utils (~> 1.0.3)
  - PEXML-Utils (1.0.3):
    - KissXML (~> 5.0)
    - PEObjc-Commons (~> 1.0.73)
  - UICKeyChainStore (2.0.7)

DEPENDENCIES:
  - AFNetworking (~> 2.5.4)
  - BlocksKit (~> 2.2.5)
  - CHCSVParser (~> 2.1.0)
  - CocoaLumberjack (~> 1.9)
  - FMDB (~> 2.5)
  - KissXML (~> 5.0)
  - Kiwi (~> 2.3.1)
  - OHHTTPStubs (~> 3.1.12)
  - PEFuelPurchase-Common (~> 1.0.12)
  - PEHateoas-Client (~> 1.0.8)
  - PEObjc-Commons (~> 1.0.84)
  - PEWire-Control (~> 1.0.4)
  - UICKeyChainStore (~> 2.0.4)

SPEC CHECKSUMS:
  AFNetworking: 05edc0ac4c4c8cf57bcf4b84be5b0744b6d8e71e
  BlocksKit: 7f422b971407001178d181a43b99014ea2591fe6
  CHCSVParser: 3bcc7bdb72111a31222e95d57eacceefe4e537e8
  CocoaLumberjack: 628fca2e88ef06f7cf6817309aa405f325d9a6fa
  FMDB: 96e8f1bcc1329e269330f99770ad4285d9003e52
  KissXML: ce643413d618ad69886d0d43c3792b7dedfe476e
  Kiwi: f038a6c61f7a9e4d7766bff5717aa3b3fdb75f55
  OHHTTPStubs: 8cf0cfe6f34f13fc88fdf5b2a1b2c2536e8c0261
  PEFuelPurchase-Common: 8b4ed986a89d064914a44d8a922078c9d622f445
  PEHateoas-Client: 4eb23cd4a1c106ecab147abd87cd3cacac93d52f
  PEObjc-Commons: a58fdbcdd14720c319f6c68cea7d7d167d9c4c3c
  PEWire-Control: 68a8b1a8ea4b167c2dfc2299b9183bf38600c034
  PEXML-Utils: 47a95ccdbf02bc2a1d69b6d8e99017df9da49f88
  UICKeyChainStore: 696cd35083f7c8fb5e201d909b7e6aea6b478575

COCOAPODS: 0.39.0
